[[package]]
name = "awscrt"
version = "0.13.13"
description = "A common runtime for AWS Python projects"
category = "main"
optional = false
python-versions = ">=3.6"

[[package]]
name = "awsiotsdk"
version = "1.11.3"
description = "AWS IoT SDK based on the AWS Common Runtime"
category = "main"
optional = false
python-versions = ">=3.6"

[package.dependencies]
awscrt = "0.13.13"

[[package]]
name = "black"
version = "22.6.0"
description = "The uncompromising code formatter."
category = "dev"
optional = false
python-versions = ">=3.6.2"

[package.dependencies]
click = ">=8.0.0"
mypy-extensions = ">=0.4.3"
pathspec = ">=0.9.0"
platformdirs = ">=2"
tomli = {version = ">=1.1.0", markers = "python_full_version < \"3.11.0a7\""}
typing-extensions = {version = ">=3.10.0.0", markers = "python_version < \"3.10\""}

[package.extras]
colorama = ["colorama (>=0.4.3)"]
d = ["aiohttp (>=3.7.4)"]
jupyter = ["ipython (>=7.8.0)", "tokenize-rt (>=3.2.0)"]
uvloop = ["uvloop (>=0.15.2)"]

[[package]]
name = "click"
version = "8.1.3"
description = "Composable command line interface toolkit"
category = "dev"
optional = false
python-versions = ">=3.7"

[package.dependencies]
colorama = {version = "*", markers = "platform_system == \"Windows\""}

[[package]]
name = "colorama"
version = "0.4.5"
description = "Cross-platform colored terminal text."
category = "main"
optional = false
python-versions = ">=2.7, !=3.0.*, !=3.1.*, !=3.2.*, !=3.3.*, !=3.4.*"

[[package]]
name = "loguru"
version = "0.6.0"
description = "Python logging made (stupidly) simple"
category = "main"
optional = false
python-versions = ">=3.5"

[package.dependencies]
colorama = {version = ">=0.3.4", markers = "sys_platform == \"win32\""}
win32-setctime = {version = ">=1.0.0", markers = "sys_platform == \"win32\""}

[package.extras]
dev = ["colorama (>=0.3.4)", "docutils (==0.16)", "flake8 (>=3.7.7)", "tox (>=3.9.0)", "pytest (>=4.6.2)", "pytest-cov (>=2.7.1)", "black (>=19.10b0)", "isort (>=5.1.1)", "Sphinx (>=4.1.1)", "sphinx-autobuild (>=0.7.1)", "sphinx-rtd-theme (>=0.4.3)"]

[[package]]
name = "mypy-extensions"
version = "0.4.3"
description = "Experimental type system extensions for programs checked with the mypy typechecker."
category = "dev"
optional = false
python-versions = "*"

[[package]]
name = "pathspec"
version = "0.9.0"
description = "Utility library for gitignore style pattern matching of file paths."
category = "dev"
optional = false
python-versions = "!=3.0.*,!=3.1.*,!=3.2.*,!=3.3.*,!=3.4.*,>=2.7"

[[package]]
name = "platformdirs"
version = "2.5.2"
description = "A small Python module for determining appropriate platform-specific dirs, e.g. a \"user data dir\"."
category = "dev"
optional = false
python-versions = ">=3.7"

[package.extras]
docs = ["furo (>=2021.7.5b38)", "proselint (>=0.10.2)", "sphinx-autodoc-typehints (>=1.12)", "sphinx (>=4)"]
test = ["appdirs (==1.4.4)", "pytest-cov (>=2.7)", "pytest-mock (>=3.6)", "pytest (>=6)"]

[[package]]
name = "python-dotenv"
version = "0.20.0"
description = "Read key-value pairs from a .env file and set them as environment variables"
category = "main"
optional = false
python-versions = ">=3.5"

[package.extras]
cli = ["click (>=5.0)"]

[[package]]
name = "tomli"
version = "2.0.1"
description = "A lil' TOML parser"
category = "dev"
optional = false
python-versions = ">=3.7"

[[package]]
name = "typing-extensions"
version = "4.3.0"
description = "Backported and Experimental Type Hints for Python 3.7+"
category = "dev"
optional = false
python-versions = ">=3.7"

[[package]]
name = "win32-setctime"
version = "1.1.0"
description = "A small Python utility to set file creation time on Windows"
category = "main"
optional = false
python-versions = ">=3.5"

[package.extras]
dev = ["pytest (>=4.6.2)", "black (>=19.3b0)"]

[metadata]
lock-version = "1.1"
python-versions = "^3.9"
content-hash = "5b3f4d5684455dba045eed616d3aa53dc682fbb64775f51b34c3bd83293f0534"

[metadata.files]
awscrt = [
    {file = "awscrt-0.13.13-cp310-cp310-macosx_10_9_universal2.whl", hash = "sha256:7a224550ea9e04bed2dd2ddcf4ac4c5dfa73c95f5e9aba999514bfa3872966aa"},
    {file = "awscrt-0.13.13-cp310-cp310-manylinux_2_17_aarch64.manylinux2014_aarch64.whl", hash = "sha256:f5d6b34e49b08ed29792d9bf352739a2895dbe360d6add3dcfde29bafab03ae1"},
    {file = "awscrt-0.13.13-cp310-cp310-manylinux_2_17_x86_64.manylinux2014_x86_64.whl", hash = "sha256:3f683200d047fcae1461736b96513562029afc0935d37e7ef8c9c2600494c801"},
    {file = "awscrt-0.13.13-cp310-cp310-win32.whl", hash = "sha256:d84a6bf04d88c88482250ba232ac8babbe171480d77d92da973e9d49c9d3fc89"},
    {file = "awscrt-0.13.13-cp310-cp310-win_amd64.whl", hash = "sha256:1958c6dfc485585cce1917e8db35fe018c53b36b777aa952af2df0d340064182"},
    {file = "awscrt-0.13.13-cp36-cp36m-macosx_10_9_x86_64.whl", hash = "sha256:7703b87e18a0a70e354cea5e3e7b46411de87962feb8692f5fb877bb652a2e82"},
    {file = "awscrt-0.13.13-cp36-cp36m-manylinux_2_17_aarch64.manylinux2014_aarch64.whl", hash = "sha256:14cf26d83ba6192efca9648cf14757d5d75019d0171414f4ad2742881d6e2935"},
    {file = "awscrt-0.13.13-cp36-cp36m-manylinux_2_17_x86_64.manylinux2014_x86_64.whl", hash = "sha256:5a6904b6f791374a5807bc2cc39a773864c638d58f522f9288693e1822d8ebcd"},
    {file = "awscrt-0.13.13-cp36-cp36m-manylinux_2_5_i686.manylinux1_i686.whl", hash = "sha256:9fcd1666ef1c36d61106ca05c641c49fe9fde24ca1f02b74046444ee58c70fb5"},
    {file = "awscrt-0.13.13-cp36-cp36m-manylinux_2_5_x86_64.manylinux1_x86_64.whl", hash = "sha256:4f21ffa4f8beca233f010a8a9f4e7bba9a7f2bd7aef1ea3dff1f364989b0867b"},
    {file = "awscrt-0.13.13-cp36-cp36m-win32.whl", hash = "sha256:cf644e217c144ee3605c398d2d5327a781b7cf8c9802a73f337f24f180141646"},
    {file = "awscrt-0.13.13-cp36-cp36m-win_amd64.whl", hash = "sha256:c48c5478fc6a382c12eadc811f7da07289e40a3338e2c303e0414c996d612e17"},
    {file = "awscrt-0.13.13-cp37-cp37m-macosx_10_9_x86_64.whl", hash = "sha256:27519c103015d20754d4e0be7773844cdb50fbd9d3cac05826f888e6c6d24b9c"},
    {file = "awscrt-0.13.13-cp37-cp37m-manylinux_2_17_aarch64.manylinux2014_aarch64.whl", hash = "sha256:aa24c53a491f9619da6c0338ccdaec1bcd83cd9a24743981940b0b367a33b5e5"},
    {file = "awscrt-0.13.13-cp37-cp37m-manylinux_2_17_x86_64.manylinux2014_x86_64.whl", hash = "sha256:a2f4141461e905368409b69b0e7829bfa6f7680154451638fac192f418b3429f"},
    {file = "awscrt-0.13.13-cp37-cp37m-manylinux_2_5_i686.manylinux1_i686.whl", hash = "sha256:7efd9807b8cea29409a41980857ca1d86e2070d071b43049770641994875a606"},
    {file = "awscrt-0.13.13-cp37-cp37m-manylinux_2_5_x86_64.manylinux1_x86_64.whl", hash = "sha256:5753bb4dffc1c40d8156a9314d823846a19c2de87e0dcfb3e2001f8f5c8be02e"},
    {file = "awscrt-0.13.13-cp37-cp37m-win32.whl", hash = "sha256:72a454a49f8a487c3b2c8c8f9da553d908f80202a30444be824ebe07a8c75304"},
    {file = "awscrt-0.13.13-cp37-cp37m-win_amd64.whl", hash = "sha256:8b4cf33844ff2fbf8c04c3606dd1a0eeed1ee526dadbc5b3e3ed41839875444f"},
    {file = "awscrt-0.13.13-cp38-cp38-macosx_10_9_x86_64.whl", hash = "sha256:def24b8945951351c0a9216fcc9ddc23deefdeb645bbe117319e98643bc97a97"},
    {file = "awscrt-0.13.13-cp38-cp38-manylinux_2_17_aarch64.manylinux2014_aarch64.whl", hash = "sha256:ec436a633600b92f744696a78675f7cbb621b12ae9dedf3cd56af840d1970b8b"},
    {file = "awscrt-0.13.13-cp38-cp38-manylinux_2_17_x86_64.manylinux2014_x86_64.whl", hash = "sha256:c490b49103619a144e0cc4925170255c085d366ab687fb685c04ef1f74e0dda6"},
    {file = "awscrt-0.13.13-cp38-cp38-manylinux_2_5_i686.manylinux1_i686.whl", hash = "sha256:4833d4e2cfa2785696015582b3fba2a5cd774c9a6657d11833f0ae0fc29b5e41"},
    {file = "awscrt-0.13.13-cp38-cp38-manylinux_2_5_x86_64.manylinux1_x86_64.whl", hash = "sha256:e042c9c71afc2c3c1079fe1ba52ea11a93fe0c68b183266a58e7faffd1e01b36"},
    {file = "awscrt-0.13.13-cp38-cp38-win32.whl", hash = "sha256:a96b1df3369b3ed0f2b794650028cd42ff14630d0e2aea866c24747bd034c5ea"},
    {file = "awscrt-0.13.13-cp38-cp38-win_amd64.whl", hash = "sha256:4c14a8522c84bf7f5e755bb31dcb286c1e8a44ed4cbadee29396567bc08c3b90"},
    {file = "awscrt-0.13.13-cp39-cp39-macosx_10_9_universal2.whl", hash = "sha256:6d20479f0cd2ccc0b60d7c87f8ba82fb4c71934af04c7ad8a281c46a492f2424"},
    {file = "awscrt-0.13.13-cp39-cp39-manylinux_2_17_aarch64.manylinux2014_aarch64.whl", hash = "sha256:452a74258474433cc1543ba5fd63cce32192c54f395c66bb2b3aa0f47232f943"},
    {file = "awscrt-0.13.13-cp39-cp39-manylinux_2_17_x86_64.manylinux2014_x86_64.whl", hash = "sha256:19c175e000656ccf76cfdb54a3223602a3f9b2b374a719eb48f8dc8fcee3d127"},
    {file = "awscrt-0.13.13-cp39-cp39-manylinux_2_5_i686.manylinux1_i686.whl", hash = "sha256:d3b9da3e8a6f025a44756f393506c742e92037fee4c28f31d8a68e383456205c"},
    {file = "awscrt-0.13.13-cp39-cp39-manylinux_2_5_x86_64.manylinux1_x86_64.whl", hash = "sha256:b20ae82edc72526fa5eb605d50e6b925d515f2fee34c338762169f1eb242f704"},
    {file = "awscrt-0.13.13-cp39-cp39-win32.whl", hash = "sha256:ec7b76b33c0ac837e38aeade5d51534ef9b0f91a13c59574dbab40a5941a0a7f"},
    {file = "awscrt-0.13.13-cp39-cp39-win_amd64.whl", hash = "sha256:2c98f433b433ecc5c4cd5dfe8aee51bbb592a616294cdaada63cc1c1de476a61"},
    {file = "awscrt-0.13.13.tar.gz", hash = "sha256:e240a7e6dc9db79e8bdb652f590be12dc2d5af7d541fea0c7dd8e1b4bf54fde2"},
]
awsiotsdk = [
    {file = "awsiotsdk-1.11.3-py3-none-any.whl", hash = "sha256:3749042ef27a195dc8ab94331348fce7d6dc7cf94f09ba73847fd507097bad21"},
    {file = "awsiotsdk-1.11.3.tar.gz", hash = "sha256:aa39be2d7f98175f92a47450651f0bef8a1877336b4fef79a3e22f238b40b715"},
]
black = [
    {file = "black-22.6.0-cp310-cp310-macosx_10_9_universal2.whl", hash = "sha256:f586c26118bc6e714ec58c09df0157fe2d9ee195c764f630eb0d8e7ccce72e69"},
    {file = "black-22.6.0-cp310-cp310-macosx_10_9_x86_64.whl", hash = "sha256:b270a168d69edb8b7ed32c193ef10fd27844e5c60852039599f9184460ce0807"},
    {file = "black-22.6.0-cp310-cp310-macosx_11_0_arm64.whl", hash = "sha256:6797f58943fceb1c461fb572edbe828d811e719c24e03375fd25170ada53825e"},
    {file = "black-22.6.0-cp310-cp310-manylinux_2_17_x86_64.manylinux2014_x86_64.whl", hash = "sha256:c85928b9d5f83b23cee7d0efcb310172412fbf7cb9d9ce963bd67fd141781def"},
    {file = "black-22.6.0-cp310-cp310-win_amd64.whl", hash = "sha256:f6fe02afde060bbeef044af7996f335fbe90b039ccf3f5eb8f16df8b20f77666"},
    {file = "black-22.6.0-cp36-cp36m-macosx_10_9_x86_64.whl", hash = "sha256:cfaf3895a9634e882bf9d2363fed5af8888802d670f58b279b0bece00e9a872d"},
    {file = "black-22.6.0-cp36-cp36m-manylinux_2_17_x86_64.manylinux2014_x86_64.whl", hash = "sha256:94783f636bca89f11eb5d50437e8e17fbc6a929a628d82304c80fa9cd945f256"},
    {file = "black-22.6.0-cp36-cp36m-win_amd64.whl", hash = "sha256:2ea29072e954a4d55a2ff58971b83365eba5d3d357352a07a7a4df0d95f51c78"},
    {file = "black-22.6.0-cp37-cp37m-macosx_10_9_x86_64.whl", hash = "sha256:e439798f819d49ba1c0bd9664427a05aab79bfba777a6db94fd4e56fae0cb849"},
    {file = "black-22.6.0-cp37-cp37m-manylinux_2_17_x86_64.manylinux2014_x86_64.whl", hash = "sha256:187d96c5e713f441a5829e77120c269b6514418f4513a390b0499b0987f2ff1c"},
    {file = "black-22.6.0-cp37-cp37m-win_amd64.whl", hash = "sha256:074458dc2f6e0d3dab7928d4417bb6957bb834434516f21514138437accdbe90"},
    {file = "black-22.6.0-cp38-cp38-macosx_10_9_universal2.whl", hash = "sha256:a218d7e5856f91d20f04e931b6f16d15356db1c846ee55f01bac297a705ca24f"},
    {file = "black-22.6.0-cp38-cp38-macosx_10_9_x86_64.whl", hash = "sha256:568ac3c465b1c8b34b61cd7a4e349e93f91abf0f9371eda1cf87194663ab684e"},
    {file = "black-22.6.0-cp38-cp38-macosx_11_0_arm64.whl", hash = "sha256:6c1734ab264b8f7929cef8ae5f900b85d579e6cbfde09d7387da8f04771b51c6"},
    {file = "black-22.6.0-cp38-cp38-manylinux_2_17_x86_64.manylinux2014_x86_64.whl", hash = "sha256:c9a3ac16efe9ec7d7381ddebcc022119794872abce99475345c5a61aa18c45ad"},
    {file = "black-22.6.0-cp38-cp38-win_amd64.whl", hash = "sha256:b9fd45787ba8aa3f5e0a0a98920c1012c884622c6c920dbe98dbd05bc7c70fbf"},
    {file = "black-22.6.0-cp39-cp39-macosx_10_9_universal2.whl", hash = "sha256:7ba9be198ecca5031cd78745780d65a3f75a34b2ff9be5837045dce55db83d1c"},
    {file = "black-22.6.0-cp39-cp39-macosx_10_9_x86_64.whl", hash = "sha256:a3db5b6409b96d9bd543323b23ef32a1a2b06416d525d27e0f67e74f1446c8f2"},
    {file = "black-22.6.0-cp39-cp39-macosx_11_0_arm64.whl", hash = "sha256:560558527e52ce8afba936fcce93a7411ab40c7d5fe8c2463e279e843c0328ee"},
    {file = "black-22.6.0-cp39-cp39-manylinux_2_17_x86_64.manylinux2014_x86_64.whl", hash = "sha256:b154e6bbde1e79ea3260c4b40c0b7b3109ffcdf7bc4ebf8859169a6af72cd70b"},
    {file = "black-22.6.0-cp39-cp39-win_amd64.whl", hash = "sha256:4af5bc0e1f96be5ae9bd7aaec219c901a94d6caa2484c21983d043371c733fc4"},
    {file = "black-22.6.0-py3-none-any.whl", hash = "sha256:ac609cf8ef5e7115ddd07d85d988d074ed00e10fbc3445aee393e70164a2219c"},
    {file = "black-22.6.0.tar.gz", hash = "sha256:6c6d39e28aed379aec40da1c65434c77d75e65bb59a1e1c283de545fb4e7c6c9"},
]
click = [
    {file = "click-8.1.3-py3-none-any.whl", hash = "sha256:bb4d8133cb15a609f44e8213d9b391b0809795062913b383c62be0ee95b1db48"},
    {file = "click-8.1.3.tar.gz", hash = "sha256:7682dc8afb30297001674575ea00d1814d808d6a36af415a82bd481d37ba7b8e"},
]
colorama = [
    {file = "colorama-0.4.5-py2.py3-none-any.whl", hash = "sha256:854bf444933e37f5824ae7bfc1e98d5bce2ebe4160d46b5edf346a89358e99da"},
    {file = "colorama-0.4.5.tar.gz", hash = "sha256:e6c6b4334fc50988a639d9b98aa429a0b57da6e17b9a44f0451f930b6967b7a4"},
]
loguru = [
    {file = "loguru-0.6.0-py3-none-any.whl", hash = "sha256:4e2414d534a2ab57573365b3e6d0234dfb1d84b68b7f3b948e6fb743860a77c3"},
    {file = "loguru-0.6.0.tar.gz", hash = "sha256:066bd06758d0a513e9836fd9c6b5a75bfb3fd36841f4b996bc60b547a309d41c"},
]
mypy-extensions = [
    {file = "mypy_extensions-0.4.3-py2.py3-none-any.whl", hash = "sha256:090fedd75945a69ae91ce1303b5824f428daf5a028d2f6ab8a299250a846f15d"},
    {file = "mypy_extensions-0.4.3.tar.gz", hash = "sha256:2d82818f5bb3e369420cb3c4060a7970edba416647068eb4c5343488a6c604a8"},
]
pathspec = [
    {file = "pathspec-0.9.0-py2.py3-none-any.whl", hash = "sha256:7d15c4ddb0b5c802d161efc417ec1a2558ea2653c2e8ad9c19098201dc1c993a"},
    {file = "pathspec-0.9.0.tar.gz", hash = "sha256:e564499435a2673d586f6b2130bb5b95f04a3ba06f81b8f895b651a3c76aabb1"},
]
platformdirs = [
    {file = "platformdirs-2.5.2-py3-none-any.whl", hash = "sha256:027d8e83a2d7de06bbac4e5ef7e023c02b863d7ea5d079477e722bb41ab25788"},
    {file = "platformdirs-2.5.2.tar.gz", hash = "sha256:58c8abb07dcb441e6ee4b11d8df0ac856038f944ab98b7be6b27b2a3c7feef19"},
]
python-dotenv = [
    {file = "python-dotenv-0.20.0.tar.gz", hash = "sha256:b7e3b04a59693c42c36f9ab1cc2acc46fa5df8c78e178fc33a8d4cd05c8d498f"},
    {file = "python_dotenv-0.20.0-py3-none-any.whl", hash = "sha256:d92a187be61fe482e4fd675b6d52200e7be63a12b724abbf931a40ce4fa92938"},
]
tomli = [
    {file = "tomli-2.0.1-py3-none-any.whl", hash = "sha256:939de3e7a6161af0c887ef91b7d41a53e7c5a1ca976325f429cb46ea9bc30ecc"},
    {file = "tomli-2.0.1.tar.gz", hash = "sha256:de526c12914f0c550d15924c62d72abc48d6fe7364aa87328337a31007fe8a4f"},
]
typing-extensions = [
    {file = "typing_extensions-4.3.0-py3-none-any.whl", hash = "sha256:25642c956049920a5aa49edcdd6ab1e06d7e5d467fc00e0506c44ac86fbfca02"},
    {file = "typing_extensions-4.3.0.tar.gz", hash = "sha256:e6d2677a32f47fc7eb2795db1dd15c1f34eff616bcaf2cfb5e997f854fa1c4a6"},
]
win32-setctime = [
    {file = "win32_setctime-1.1.0-py3-none-any.whl", hash = "sha256:231db239e959c2fe7eb1d7dc129f11172354f98361c4fa2d6d2d7e278baa8aad"},
    {file = "win32_setctime-1.1.0.tar.gz", hash = "sha256:15cf5750465118d6929ae4de4eb46e8edae9a5634350c01ba582df868e932cb2"},
]
